// !$*UTF8*$!
{
	archiveVersion = 1;
	classes = {
	};
	objectVersion = 46;
	objects = {

/* Begin PBXBuildFile section */
		087895471B9D34C300EB3510 /* Fighter.swift in Sources */ = {isa = PBXBuildFile; fileRef = 087895461B9D34C300EB3510 /* Fighter.swift */; };
		0883AC2D1B9FE5C4009708AF /* Network.swift in Sources */ = {isa = PBXBuildFile; fileRef = 0883AC2C1B9FE5C4009708AF /* Network.swift */; };
		0892C4B91BA7B1F900C14132 /* FighterAdvancedView.swift in Sources */ = {isa = PBXBuildFile; fileRef = 0892C4B81BA7B1F900C14132 /* FighterAdvancedView.swift */; };
		08A315081B9CBB2C0046DAA9 /* AppDelegate.swift in Sources */ = {isa = PBXBuildFile; fileRef = 08A315071B9CBB2C0046DAA9 /* AppDelegate.swift */; };
		08A3150A1B9CBB2C0046DAA9 /* GameScene.swift in Sources */ = {isa = PBXBuildFile; fileRef = 08A315091B9CBB2C0046DAA9 /* GameScene.swift */; };
		08A3150E1B9CBB2C0046DAA9 /* Images.xcassets in Resources */ = {isa = PBXBuildFile; fileRef = 08A3150D1B9CBB2C0046DAA9 /* Images.xcassets */; };
		08A315111B9CBB2C0046DAA9 /* MainMenu.xib in Resources */ = {isa = PBXBuildFile; fileRef = 08A3150F1B9CBB2C0046DAA9 /* MainMenu.xib */; };
		08A3151D1B9CBB2C0046DAA9 /* Genetic_Fighting_IITests.swift in Sources */ = {isa = PBXBuildFile; fileRef = 08A3151C1B9CBB2C0046DAA9 /* Genetic_Fighting_IITests.swift */; };
		08A315271B9CBBD60046DAA9 /* Grid.swift in Sources */ = {isa = PBXBuildFile; fileRef = 08A315261B9CBBD60046DAA9 /* Grid.swift */; };
/* End PBXBuildFile section */

/* Begin PBXContainerItemProxy section */
		08A315171B9CBB2C0046DAA9 /* PBXContainerItemProxy */ = {
			isa = PBXContainerItemProxy;
			containerPortal = 08A314FA1B9CBB2C0046DAA9 /* Project object */;
			proxyType = 1;
			remoteGlobalIDString = 08A315011B9CBB2C0046DAA9;
			remoteInfo = "Genetic Fighting II";
		};
/* End PBXContainerItemProxy section */

/* Begin PBXFileReference section */
		087895461B9D34C300EB3510 /* Fighter.swift */ = {isa = PBXFileReference; fileEncoding = 4; lastKnownFileType = sourcecode.swift; name = Fighter.swift; path = ../Fighter.swift; sourceTree = "<group>"; };
		0883AC2C1B9FE5C4009708AF /* Network.swift */ = {isa = PBXFileReference; fileEncoding = 4; lastKnownFileType = sourcecode.swift; path = Network.swift; sourceTree = "<group>"; };
		0892C4B81BA7B1F900C14132 /* FighterAdvancedView.swift */ = {isa = PBXFileReference; fileEncoding = 4; lastKnownFileType = sourcecode.swift; path = FighterAdvancedView.swift; sourceTree = "<group>"; };
		08A315021B9CBB2C0046DAA9 /* Genetic Fighting II.app */ = {isa = PBXFileReference; explicitFileType = wrapper.application; includeInIndex = 0; path = "Genetic Fighting II.app"; sourceTree = BUILT_PRODUCTS_DIR; };
		08A315061B9CBB2C0046DAA9 /* Info.plist */ = {isa = PBXFileReference; lastKnownFileType = text.plist.xml; path = Info.plist; sourceTree = "<group>"; };
		08A315071B9CBB2C0046DAA9 /* AppDelegate.swift */ = {isa = PBXFileReference; lastKnownFileType = sourcecode.swift; path = AppDelegate.swift; sourceTree = "<group>"; };
		08A315091B9CBB2C0046DAA9 /* GameScene.swift */ = {isa = PBXFileReference; lastKnownFileType = sourcecode.swift; path = GameScene.swift; sourceTree = "<group>"; };
		08A3150D1B9CBB2C0046DAA9 /* Images.xcassets */ = {isa = PBXFileReference; lastKnownFileType = folder.assetcatalog; path = Images.xcassets; sourceTree = "<group>"; };
		08A315101B9CBB2C0046DAA9 /* Base */ = {isa = PBXFileReference; lastKnownFileType = file.xib; name = Base; path = Base.lproj/MainMenu.xib; sourceTree = "<group>"; };
		08A315161B9CBB2C0046DAA9 /* Genetic Fighting IITests.xctest */ = {isa = PBXFileReference; explicitFileType = wrapper.cfbundle; includeInIndex = 0; path = "Genetic Fighting IITests.xctest"; sourceTree = BUILT_PRODUCTS_DIR; };
		08A3151B1B9CBB2C0046DAA9 /* Info.plist */ = {isa = PBXFileReference; lastKnownFileType = text.plist.xml; path = Info.plist; sourceTree = "<group>"; };
		08A3151C1B9CBB2C0046DAA9 /* Genetic_Fighting_IITests.swift */ = {isa = PBXFileReference; lastKnownFileType = sourcecode.swift; path = Genetic_Fighting_IITests.swift; sourceTree = "<group>"; };
		08A315261B9CBBD60046DAA9 /* Grid.swift */ = {isa = PBXFileReference; fileEncoding = 4; lastKnownFileType = sourcecode.swift; path = Grid.swift; sourceTree = "<group>"; };
/* End PBXFileReference section */

/* Begin PBXFrameworksBuildPhase section */
		08A314FF1B9CBB2C0046DAA9 /* Frameworks */ = {
			isa = PBXFrameworksBuildPhase;
			buildActionMask = 2147483647;
			files = (
			);
			runOnlyForDeploymentPostprocessing = 0;
		};
		08A315131B9CBB2C0046DAA9 /* Frameworks */ = {
			isa = PBXFrameworksBuildPhase;
			buildActionMask = 2147483647;
			files = (
			);
			runOnlyForDeploymentPostprocessing = 0;
		};
/* End PBXFrameworksBuildPhase section */

/* Begin PBXGroup section */
		08A314F91B9CBB2C0046DAA9 = {
			isa = PBXGroup;
			children = (
				08A315041B9CBB2C0046DAA9 /* Genetic Fighting II */,
				08A315191B9CBB2C0046DAA9 /* Genetic Fighting IITests */,
				08A315031B9CBB2C0046DAA9 /* Products */,
			);
			sourceTree = "<group>";
		};
		08A315031B9CBB2C0046DAA9 /* Products */ = {
			isa = PBXGroup;
			children = (
				08A315021B9CBB2C0046DAA9 /* Genetic Fighting II.app */,
				08A315161B9CBB2C0046DAA9 /* Genetic Fighting IITests.xctest */,
			);
			name = Products;
			sourceTree = "<group>";
		};
		08A315041B9CBB2C0046DAA9 /* Genetic Fighting II */ = {
			isa = PBXGroup;
			children = (
				087895461B9D34C300EB3510 /* Fighter.swift */,
				0883AC2C1B9FE5C4009708AF /* Network.swift */,
				08A315091B9CBB2C0046DAA9 /* GameScene.swift */,
				08A315261B9CBBD60046DAA9 /* Grid.swift */,
				08A315071B9CBB2C0046DAA9 /* AppDelegate.swift */,
				0892C4B81BA7B1F900C14132 /* FighterAdvancedView.swift */,
				08A315051B9CBB2C0046DAA9 /* Supporting Files */,
			);
			path = "Genetic Fighting II";
			sourceTree = "<group>";
		};
		08A315051B9CBB2C0046DAA9 /* Supporting Files */ = {
			isa = PBXGroup;
			children = (
				08A3150F1B9CBB2C0046DAA9 /* MainMenu.xib */,
				08A3150D1B9CBB2C0046DAA9 /* Images.xcassets */,
				08A315061B9CBB2C0046DAA9 /* Info.plist */,
			);
			name = "Supporting Files";
			sourceTree = "<group>";
		};
		08A315191B9CBB2C0046DAA9 /* Genetic Fighting IITests */ = {
			isa = PBXGroup;
			children = (
				08A3151C1B9CBB2C0046DAA9 /* Genetic_Fighting_IITests.swift */,
				08A3151A1B9CBB2C0046DAA9 /* Supporting Files */,
			);
			path = "Genetic Fighting IITests";
			sourceTree = "<group>";
		};
		08A3151A1B9CBB2C0046DAA9 /* Supporting Files */ = {
			isa = PBXGroup;
			children = (
				08A3151B1B9CBB2C0046DAA9 /* Info.plist */,
			);
			name = "Supporting Files";
			sourceTree = "<group>";
		};
/* End PBXGroup section */

/* Begin PBXNativeTarget section */
		08A315011B9CBB2C0046DAA9 /* Genetic Fighting II */ = {
			isa = PBXNativeTarget;
			buildConfigurationList = 08A315201B9CBB2C0046DAA9 /* Build configuration list for PBXNativeTarget "Genetic Fighting II" */;
			buildPhases = (
				08A314FE1B9CBB2C0046DAA9 /* Sources */,
				08A314FF1B9CBB2C0046DAA9 /* Frameworks */,
				08A315001B9CBB2C0046DAA9 /* Resources */,
			);
			buildRules = (
			);
			dependencies = (
			);
			name = "Genetic Fighting II";
			productName = "Genetic Fighting II";
			productReference = 08A315021B9CBB2C0046DAA9 /* Genetic Fighting II.app */;
			productType = "com.apple.product-type.application";
		};
		08A315151B9CBB2C0046DAA9 /* Genetic Fighting IITests */ = {
			isa = PBXNativeTarget;
			buildConfigurationList = 08A315231B9CBB2C0046DAA9 /* Build configuration list for PBXNativeTarget "Genetic Fighting IITests" */;
			buildPhases = (
				08A315121B9CBB2C0046DAA9 /* Sources */,
				08A315131B9CBB2C0046DAA9 /* Frameworks */,
				08A315141B9CBB2C0046DAA9 /* Resources */,
			);
			buildRules = (
			);
			dependencies = (
				08A315181B9CBB2C0046DAA9 /* PBXTargetDependency */,
			);
			name = "Genetic Fighting IITests";
			productName = "Genetic Fighting IITests";
			productReference = 08A315161B9CBB2C0046DAA9 /* Genetic Fighting IITests.xctest */;
			productType = "com.apple.product-type.bundle.unit-test";
		};
/* End PBXNativeTarget section */

/* Begin PBXProject section */
		08A314FA1B9CBB2C0046DAA9 /* Project object */ = {
			isa = PBXProject;
			attributes = {
				LastSwiftMigration = 0700;
				LastSwiftUpdateCheck = 0700;
				LastUpgradeCheck = 0820;
				ORGANIZATIONNAME = "Matthew Mohandiss";
				TargetAttributes = {
					08A315011B9CBB2C0046DAA9 = {
						CreatedOnToolsVersion = 6.4;
						LastSwiftMigration = 0820;
					};
					08A315151B9CBB2C0046DAA9 = {
						CreatedOnToolsVersion = 6.4;
						LastSwiftMigration = 0820;
						TestTargetID = 08A315011B9CBB2C0046DAA9;
					};
				};
			};
			buildConfigurationList = 08A314FD1B9CBB2C0046DAA9 /* Build configuration list for PBXProject "Genetic Fighting II" */;
			compatibilityVersion = "Xcode 3.2";
			developmentRegion = English;
			hasScannedForEncodings = 0;
			knownRegions = (
				en,
				Base,
			);
			mainGroup = 08A314F91B9CBB2C0046DAA9;
			productRefGroup = 08A315031B9CBB2C0046DAA9 /* Products */;
			projectDirPath = "";
			projectRoot = "";
			targets = (
				08A315011B9CBB2C0046DAA9 /* Genetic Fighting II */,
				08A315151B9CBB2C0046DAA9 /* Genetic Fighting IITests */,
			);
		};
/* End PBXProject section */

/* Begin PBXResourcesBuildPhase section */
		08A315001B9CBB2C0046DAA9 /* Resources */ = {
			isa = PBXResourcesBuildPhase;
			buildActionMask = 2147483647;
			files = (
				08A3150E1B9CBB2C0046DAA9 /* Images.xcassets in Resources */,
				08A315111B9CBB2C0046DAA9 /* MainMenu.xib in Resources */,
			);
			runOnlyForDeploymentPostprocessing = 0;
		};
		08A315141B9CBB2C0046DAA9 /* Resources */ = {
			isa = PBXResourcesBuildPhase;
			buildActionMask = 2147483647;
			files = (
			);
			runOnlyForDeploymentPostprocessing = 0;
		};
/* End PBXResourcesBuildPhase section */

/* Begin PBXSourcesBuildPhase section */
		08A314FE1B9CBB2C0046DAA9 /* Sources */ = {
			isa = PBXSourcesBuildPhase;
			buildActionMask = 2147483647;
			files = (
				08A3150A1B9CBB2C0046DAA9 /* GameScene.swift in Sources */,
				087895471B9D34C300EB3510 /* Fighter.swift in Sources */,
				0892C4B91BA7B1F900C14132 /* FighterAdvancedView.swift in Sources */,
				08A315081B9CBB2C0046DAA9 /* AppDelegate.swift in Sources */,
				08A315271B9CBBD60046DAA9 /* Grid.swift in Sources */,
				0883AC2D1B9FE5C4009708AF /* Network.swift in Sources */,
			);
			runOnlyForDeploymentPostprocessing = 0;
		};
		08A315121B9CBB2C0046DAA9 /* Sources */ = {
			isa = PBXSourcesBuildPhase;
			buildActionMask = 2147483647;
			files = (
				08A3151D1B9CBB2C0046DAA9 /* Genetic_Fighting_IITests.swift in Sources */,
			);
			runOnlyForDeploymentPostprocessing = 0;
		};
/* End PBXSourcesBuildPhase section */

/* Begin PBXTargetDependency section */
		08A315181B9CBB2C0046DAA9 /* PBXTargetDependency */ = {
			isa = PBXTargetDependency;
			target = 08A315011B9CBB2C0046DAA9 /* Genetic Fighting II */;
			targetProxy = 08A315171B9CBB2C0046DAA9 /* PBXContainerItemProxy */;
		};
/* End PBXTargetDependency section */

/* Begin PBXVariantGroup section */
		08A3150F1B9CBB2C0046DAA9 /* MainMenu.xib */ = {
			isa = PBXVariantGroup;
			children = (
				08A315101B9CBB2C0046DAA9 /* Base */,
			);
			name = MainMenu.xib;
			sourceTree = "<group>";
		};
/* End PBXVariantGroup section */

/* Begin XCBuildConfiguration section */
		08A3151E1B9CBB2C0046DAA9 /* Debug */ = {
			isa = XCBuildConfiguration;
			buildSettings = {
				ALWAYS_SEARCH_USER_PATHS = NO;
				CLANG_CXX_LANGUAGE_STANDARD = "gnu++0x";
				CLANG_CXX_LIBRARY = "libc++";
				CLANG_ENABLE_MODULES = YES;
				CLANG_ENABLE_OBJC_ARC = YES;
				CLANG_WARN_BOOL_CONVERSION = YES;
				CLANG_WARN_CONSTANT_CONVERSION = YES;
				CLANG_WARN_DIRECT_OBJC_ISA_USAGE = YES_ERROR;
				CLANG_WARN_EMPTY_BODY = YES;
				CLANG_WARN_ENUM_CONVERSION = YES;
				CLANG_WARN_INFINITE_RECURSION = YES;
				CLANG_WARN_INT_CONVERSION = YES;
				CLANG_WARN_OBJC_ROOT_CLASS = YES_ERROR;
				CLANG_WARN_SUSPICIOUS_MOVE = YES;
				CLANG_WARN_UNREACHABLE_CODE = YES;
				CLANG_WARN__DUPLICATE_METHOD_MATCH = YES;
				CODE_SIGN_IDENTITY = "-";
				COPY_PHASE_STRIP = NO;
				DEBUG_INFORMATION_FORMAT = dwarf;
				ENABLE_STRICT_OBJC_MSGSEND = YES;
				ENABLE_TESTABILITY = YES;
				GCC_C_LANGUAGE_STANDARD = gnu99;
				GCC_DYNAMIC_NO_PIC = NO;
				GCC_NO_COMMON_BLOCKS = YES;
				GCC_OPTIMIZATION_LEVEL = 0;
				GCC_PREPROCESSOR_DEFINITIONS = (
					"DEBUG=1",
					"$(inherited)",
				);
				GCC_SYMBOLS_PRIVATE_EXTERN = NO;
				GCC_WARN_64_TO_32_BIT_CONVERSION = YES;
				GCC_WARN_ABOUT_RETURN_TYPE = YES_ERROR;
				GCC_WARN_UNDECLARED_SELECTOR = YES;
				GCC_WARN_UNINITIALIZED_AUTOS = YES_AGGRESSIVE;
				GCC_WARN_UNUSED_FUNCTION = YES;
				GCC_WARN_UNUSED_VARIABLE = YES;
				MACOSX_DEPLOYMENT_TARGET = 10.10;
				MTL_ENABLE_DEBUG_INFO = YES;
				ONLY_ACTIVE_ARCH = YES;
				SDKROOT = macosx;
				SWIFT_OPTIMIZATION_LEVEL = "-Onone";
			};
			name = Debug;
		};
		08A3151F1B9CBB2C0046DAA9 /* Release */ = {
			isa = XCBuildConfiguration;
			buildSettings = {
				ALWAYS_SEARCH_USER_PATHS = NO;
				CLANG_CXX_LANGUAGE_STANDARD = "gnu++0x";
				CLANG_CXX_LIBRARY = "libc++";
				CLANG_ENABLE_MODULES = YES;
				CLANG_ENABLE_OBJC_ARC = YES;
				CLANG_WARN_BOOL_CONVERSION = YES;
				CLANG_WARN_CONSTANT_CONVERSION = YES;
				CLANG_WARN_DIRECT_OBJC_ISA_USAGE = YES_ERROR;
				CLANG_WARN_EMPTY_BODY = YES;
				CLANG_WARN_ENUM_CONVERSION = YES;
				CLANG_WARN_INFINITE_RECURSION = YES;
				CLANG_WARN_INT_CONVERSION = YES;
				CLANG_WARN_OBJC_ROOT_CLASS = YES_ERROR;
				CLANG_WARN_SUSPICIOUS_MOVE = YES;
				CLANG_WARN_UNREACHABLE_CODE = YES;
				CLANG_WARN__DUPLICATE_METHOD_MATCH = YES;
				CODE_SIGN_IDENTITY = "-";
				COPY_PHASE_STRIP = NO;
				DEBUG_INFORMATION_FORMAT = "dwarf-with-dsym";
				ENABLE_NS_ASSERTIONS = NO;
				ENABLE_STRICT_OBJC_MSGSEND = YES;
				GCC_C_LANGUAGE_STANDARD = gnu99;
				GCC_NO_COMMON_BLOCKS = YES;
				GCC_WARN_64_TO_32_BIT_CONVERSION = YES;
				GCC_WARN_ABOUT_RETURN_TYPE = YES_ERROR;
				GCC_WARN_UNDECLARED_SELECTOR = YES;
				GCC_WARN_UNINITIALIZED_AUTOS = YES_AGGRESSIVE;
				GCC_WARN_UNUSED_FUNCTION = YES;
				GCC_WARN_UNUSED_VARIABLE = YES;
				MACOSX_DEPLOYMENT_TARGET = 10.10;
				MTL_ENABLE_DEBUG_INFO = NO;
				SDKROOT = macosx;
				SWIFT_OPTIMIZATION_LEVEL = "-Owholemodule";
			};
			name = Release;
		};
		08A315211B9CBB2C0046DAA9 /* Debug */ = {
			isa = XCBuildConfiguration;
			buildSettings = {
				ASSETCATALOG_COMPILER_APPICON_NAME = AppIcon;
				COMBINE_HIDPI_IMAGES = YES;
				INFOPLIST_FILE = "Genetic Fighting II/Info.plist";
				LD_RUNPATH_SEARCH_PATHS = "$(inherited) @executable_path/../Frameworks";
				PRODUCT_BUNDLE_IDENTIFIER = "MatthewMohandiss.$(PRODUCT_NAME:rfc1034identifier)";
				PRODUCT_NAME = "$(TARGET_NAME)";
				SWIFT_VERSION = 3.0;
			};
			name = Debug;
		};
		08A315221B9CBB2C0046DAA9 /* Release */ = {
			isa = XCBuildConfiguration;
			buildSettings = {
				ASSETCATALOG_COMPILER_APPICON_NAME = AppIcon;
				COMBINE_HIDPI_IMAGES = YES;
				INFOPLIST_FILE = "Genetic Fighting II/Info.plist";
				LD_RUNPATH_SEARCH_PATHS = "$(inherited) @executable_path/../Frameworks";
				PRODUCT_BUNDLE_IDENTIFIER = "MatthewMohandiss.$(PRODUCT_NAME:rfc1034identifier)";
				PRODUCT_NAME = "$(TARGET_NAME)";
				SWIFT_VERSION = 3.0;
			};
			name = Release;
		};
		08A315241B9CBB2C0046DAA9 /* Debug */ = {
			isa = XCBuildConfiguration;
			buildSettings = {
				BUNDLE_LOADER = "$(TEST_HOST)";
				COMBINE_HIDPI_IMAGES = YES;
				FRAMEWORK_SEARCH_PATHS = (
					"$(DEVELOPER_FRAMEWORKS_DIR)",
					"$(inherited)",
				);
				GCC_PREPROCESSOR_DEFINITIONS = (
					"DEBUG=1",
					"$(inherited)",
				);
				INFOPLIST_FILE = "Genetic Fighting IITests/Info.plist";
				LD_RUNPATH_SEARCH_PATHS = "$(inherited) @executable_path/../Frameworks @loader_path/../Frameworks";
				PRODUCT_BUNDLE_IDENTIFIER = "MatthewMohandiss.$(PRODUCT_NAME:rfc1034identifier)";
				PRODUCT_NAME = "$(TARGET_NAME)";
				SWIFT_VERSION = 3.0;
				TEST_HOST = "$(BUILT_PRODUCTS_DIR)/Genetic Fighting II.app/Contents/MacOS/Genetic Fighting II";
			};
			name = Debug;
		};
		08A315251B9CBB2C0046DAA9 /* Release */ = {
			isa = XCBuildConfiguration;
			buildSettings = {
				BUNDLE_LOADER = "$(TEST_HOST)";
				COMBINE_HIDPI_IMAGES = YES;
				FRAMEWORK_SEARCH_PATHS = (
					"$(DEVELOPER_FRAMEWORKS_DIR)",
					"$(inherited)",
				);
				INFOPLIST_FILE = "Genetic Fighting IITests/Info.plist";
				LD_RUNPATH_SEARCH_PATHS = "$(inherited) @executable_path/../Frameworks @loader_path/../Frameworks";
				PRODUCT_BUNDLE_IDENTIFIER = "MatthewMohandiss.$(PRODUCT_NAME:rfc1034identifier)";
				PRODUCT_NAME = "$(TARGET_NAME)";
				SWIFT_VERSION = 3.0;
				TEST_HOST = "$(BUILT_PRODUCTS_DIR)/Genetic Fighting II.app/Contents/MacOS/Genetic Fighting II";
			};
			name = Release;
		};
/* End XCBuildConfiguration section */

/* Begin XCConfigurationList section */
		08A314FD1B9CBB2C0046DAA9 /* Build configuration list for PBXProject "Genetic Fighting II" */ = {
			isa = XCConfigurationList;
			buildConfigurations = (
				08A3151E1B9CBB2C0046DAA9 /* Debug */,
				08A3151F1B9CBB2C0046DAA9 /* Release */,
			);
			defaultConfigurationIsVisible = 0;
			defaultConfigurationName = Release;
		};
		08A315201B9CBB2C0046DAA9 /* Build configuration list for PBXNativeTarget "Genetic Fighting II" */ = {
			isa = XCConfigurationList;
			buildConfigurations = (
				08A315211B9CBB2C0046DAA9 /* Debug */,
				08A315221B9CBB2C0046DAA9 /* Release */,
			);
			defaultConfigurationIsVisible = 0;
			defaultConfigurationName = Release;
		};
		08A315231B9CBB2C0046DAA9 /* Build configuration list for PBXNativeTarget "Genetic Fighting IITests" */ = {
			isa = XCConfigurationList;
			buildConfigurations = (
				08A315241B9CBB2C0046DAA9 /* Debug */,
				08A315251B9CBB2C0046DAA9 /* Release */,
			);
			defaultConfigurationIsVisible = 0;
			defaultConfigurationName = Release;
		};
/* End XCConfigurationList section */
	};
	rootObject = 08A314FA1B9CBB2C0046DAA9 /* Project object */;
}
